# This file is automatically @generated by Cargo.
# It is not intended for manual editing.
[[package]]
name = "abomonation"
version = "0.7.3"
source = "registry+https://github.com/rust-lang/crates.io-index"
checksum = "56e72913c99b1f927aa7bd59a41518fdd9995f63ffc8760f211609e0241c4fb2"

[[package]]
name = "abomonation_derive"
version = "0.5.0"
source = "registry+https://github.com/rust-lang/crates.io-index"
checksum = "e50e2a046af56a864c62d97b7153fda72c596e646be1b0c7963736821f6e1efa"
dependencies = [
 "proc-macro2",
 "quote",
 "synstructure",
]

[[package]]
name = "getopts"
version = "0.2.21"
source = "registry+https://github.com/rust-lang/crates.io-index"
checksum = "14dbbfd5c71d70241ecf9e6f13737f7b5ce823821063188d7e46c41d371eebd5"
dependencies = [
 "unicode-width",
]

[[package]]
name = "naiad-experiment"
version = "0.1.0"
dependencies = [
 "timely",
]

[[package]]
name = "proc-macro2"
version = "1.0.9"
source = "registry+https://github.com/rust-lang/crates.io-index"
checksum = "6c09721c6781493a2a492a96b5a5bf19b65917fe6728884e7c44dd0c60ca3435"
dependencies = [
 "unicode-xid",
]

[[package]]
name = "quote"
version = "1.0.3"
source = "registry+https://github.com/rust-lang/crates.io-index"
checksum = "2bdc6c187c65bca4260c9011c9e3132efe4909da44726bad24cf7572ae338d7f"
dependencies = [
 "proc-macro2",
]

[[package]]
name = "serde"
version = "1.0.105"
source = "registry+https://github.com/rust-lang/crates.io-index"
checksum = "e707fbbf255b8fc8c3b99abb91e7257a622caeb20a9818cbadbeeede4e0932ff"

[[package]]
name = "serde_derive"
version = "1.0.105"
source = "registry+https://github.com/rust-lang/crates.io-index"
checksum = "ac5d00fc561ba2724df6758a17de23df5914f20e41cb00f94d5b7ae42fffaff8"
dependencies = [
 "proc-macro2",
 "quote",
 "syn",
]

[[package]]
name = "syn"
version = "1.0.17"
source = "registry+https://github.com/rust-lang/crates.io-index"
checksum = "0df0eb663f387145cab623dea85b09c2c5b4b0aef44e945d928e682fce71bb03"
dependencies = [
 "proc-macro2",
 "quote",
 "unicode-xid",
]

[[package]]
name = "synstructure"
version = "0.12.3"
source = "registry+https://github.com/rust-lang/crates.io-index"
checksum = "67656ea1dc1b41b1451851562ea232ec2e5a80242139f7e679ceccfb5d61f545"
dependencies = [
 "proc-macro2",
 "quote",
 "syn",
 "unicode-xid",
]

[[package]]
name = "timely"
version = "0.11.1"
source = "registry+https://github.com/rust-lang/crates.io-index"
checksum = "cfe8827dd1a7fd3360e0aed3e93d5706c75c402b46f81d634b3a9ab73fca71cf"
dependencies = [
 "abomonation",
 "abomonation_derive",
 "serde",
 "serde_derive",
 "timely_bytes",
 "timely_communication",
 "timely_logging",
]

[[package]]
name = "timely_bytes"
version = "0.11.0"
source = "registry+https://github.com/rust-lang/crates.io-index"
checksum = "d3aa590d9f1532c3e265ffea178f757cb0fb2f617a5123326526cb6c8287c5c4"

[[package]]
name = "timely_communication"
version = "0.11.1"
source = "registry+https://github.com/rust-lang/crates.io-index"
checksum = "fcc4b4cb3a970337237e3e00807d54904ac9693106dcb45e395ab01b9093a30c"
dependencies = [
 "abomonation",
 "abomonation_derive",
 "getopts",
 "serde",
 "serde_derive",
 "timely_bytes",
 "timely_logging",
]

[[package]]
name = "timely_logging"
version = "0.11.1"
source = "registry+https://github.com/rust-lang/crates.io-index"
checksum = "f0ddcf773c75363ce1a25ad4cb7eb1b9e8c2f3a90332395630332f67423bee44"

[[package]]
name = "unicode-width"
version = "0.1.7"
source = "registry+https://github.com/rust-lang/crates.io-index"
checksum = "caaa9d531767d1ff2150b9332433f32a24622147e5ebb1f26409d5da67afd479"

[[package]]
name = "unicode-xid"
version = "0.2.0"
source = "registry+https://github.com/rust-lang/crates.io-index"
checksum = "826e7639553986605ec5979c7dd957c7895e93eabed50ab2ffa7f6128a75097c"
